Microsoft Visual Studio Solution File, Format Version 12.00
# Visual Studio Version 17
VisualStudioVersion = 17.5.2.0
MinimumVisualStudioVersion = 10.0.40219.1
Project("{FAE04EC0-301F-11D3-BF4B-00C04F79EFBC}") = "ChatBotDemo", "ChatBotDemo.csproj", "{EA485897-0AC3-EBFD-9384-7B317D4302E2}"
EndProject
Global
	GlobalSection(SolutionConfigurationPlatforms) = preSolution
		Debug|Any CPU = Debug|Any CPU
		Release|Any CPU = Release|Any CPU
	EndGlobalSection
	GlobalSection(ProjectConfigurationPlatforms) = postSolution
		{EA485897-0AC3-EBFD-9384-7B317D4302E2}.Debug|Any CPU.ActiveCfg = Debug|Any CPU
		{EA485897-0AC3-EBFD-9384-7B317D4302E2}.Debug|Any CPU.Build.0 = Debug|Any CPU
		{EA485897-0AC3-EBFD-9384-7B317D4302E2}.Release|Any CPU.ActiveCfg = Release|Any CPU
		{EA485897-0AC3-EBFD-9384-7B317D4302E2}.Release|Any CPU.Build.0 = Release|Any CPU
	EndGlobalSection
	GlobalSection(SolutionProperties) = preSolution
		HideSolutionNode = FALSE
	EndGlobalSection
	GlobalSection(ExtensibilityGlobals) = postSolution
		SolutionGuid = {69DB781F-CF15-4FF6-B6E0-F2441AC29606}
	EndGlobalSection
EndGlobal
